
Microsoft Visual Studio Solution File, Format Version 12.00
# Visual Studio Version 17
VisualStudioVersion = 17.5.33424.131
MinimumVisualStudioVersion = 10.0.40219.1
Project("{2150E333-8FDC-42A3-9474-1A3956D46DE8}") = "01 Apis", "01 Apis", "{7B2B84E9-E502-4EEA-A1E8-6AF3B5AD3BDB}"
EndProject
Project("{2150E333-8FDC-42A3-9474-1A3956D46DE8}") = "02 Negocio", "02 Negocio", "{49EF899F-0E1A-4097-9019-088D8E4DE17F}"
EndProject
Project("{2150E333-8FDC-42A3-9474-1A3956D46DE8}") = "03 Servicio", "03 Servicio", "{19663EC9-41AD-411B-93F6-1CF8E08F8BD6}"
EndProject
Project("{2150E333-8FDC-42A3-9474-1A3956D46DE8}") = "04 Repositorio", "04 Repositorio", "{DD6DAC56-699B-4A8B-A2E9-10679AE5C289}"
EndProject
Project("{2150E333-8FDC-42A3-9474-1A3956D46DE8}") = "05 Model", "05 Model", "{09D0A7EC-8D1A-4350-8E0A-18BDCEADF9A3}"
EndProject
Project("{2150E333-8FDC-42A3-9474-1A3956D46DE8}") = "06 Utilitario", "06 Utilitario", "{374FBEE3-2678-46CC-8A13-29D577F40300}"
EndProject
Project("{9A19103F-16F7-4668-BE54-9A1E7A4F7556}") = "UtilSecurity", "UtilSecurity\UtilSecurity.csproj", "{62D6ABFF-C28A-4790-8F88-EB38C449A02F}"
EndProject
Project("{9A19103F-16F7-4668-BE54-9A1E7A4F7556}") = "UtilMapper", "UtilMapper\UtilMapper.csproj", "{6CAFD3E9-C683-4DEF-94B0-FF9676A836F3}"
EndProject
Project("{9A19103F-16F7-4668-BE54-9A1E7A4F7556}") = "UtilInterface", "UtilInterface\UtilInterface.csproj", "{65E8FCC7-E91A-45EC-8BD7-88FC654F70FD}"
EndProject
Project("{9A19103F-16F7-4668-BE54-9A1E7A4F7556}") = "Constantes", "Constantes\Constantes.csproj", "{1C079913-9C06-49F1-8F41-89D2FDAE5158}"
EndProject
Project("{9A19103F-16F7-4668-BE54-9A1E7A4F7556}") = "DBModel", "DBModel\DBModel.csproj", "{99AE36E3-83E2-4AAB-B4C4-C4B9FFC57FF5}"
EndProject
Project("{9A19103F-16F7-4668-BE54-9A1E7A4F7556}") = "Models", "Models\Models.csproj", "{013D3720-F865-4BB1-936E-98A03DD92394}"
EndProject
Project("{9A19103F-16F7-4668-BE54-9A1E7A4F7556}") = "IRepositorio", "IRepositorio\IRepositorio.csproj", "{3489B898-4410-4EBF-90B5-5D5B7E856321}"
EndProject
Project("{9A19103F-16F7-4668-BE54-9A1E7A4F7556}") = "Repositorio", "Repositorio\Repositorio.csproj", "{3FA36CB7-515D-4E59-992D-D5D76E9C6EAF}"
EndProject
Project("{9A19103F-16F7-4668-BE54-9A1E7A4F7556}") = "IServicio", "IServicio\IServicio.csproj", "{81E0D802-B6BD-428E-BB4C-F10A7266A79D}"
EndProject
Project("{9A19103F-16F7-4668-BE54-9A1E7A4F7556}") = "Servicio", "Service\Servicio.csproj", "{1E2BD39C-D3B2-4F07-8187-8B3CA9CAD171}"
EndProject
Project("{9A19103F-16F7-4668-BE54-9A1E7A4F7556}") = "INegocio", "INegocio\INegocio.csproj", "{CB09934E-B7D3-4E7C-91FF-C390A31F2F02}"
EndProject
Project("{9A19103F-16F7-4668-BE54-9A1E7A4F7556}") = "Negocio", "Negocio\Negocio.csproj", "{67CCF083-F70A-46B1-A666-E8E98EEF8AB6}"
EndProject
Project("{9A19103F-16F7-4668-BE54-9A1E7A4F7556}") = "API", "API\API.csproj", "{0E13D420-6E59-43E2-85DB-0C6D022DF837}"
EndProject
Project("{2150E333-8FDC-42A3-9474-1A3956D46DE8}") = "10.Anotaciones", "10.Anotaciones", "{1DEC13AC-619C-45FD-922E-6B039787EFE6}"
	ProjectSection(SolutionItems) = preProject
		BasedeDatos.sql = BasedeDatos.sql
		MapeoDataBase.txt = MapeoDataBase.txt
	EndProjectSection
EndProject
Project("{FAE04EC0-301F-11D3-BF4B-00C04F79EFBC}") = "CommonModel", "CommonModel\CommonModel.csproj", "{7F73ABF5-5A12-412D-A7B9-48BE4E7668C9}"
EndProject
Global
	GlobalSection(SolutionConfigurationPlatforms) = preSolution
		Debug|Any CPU = Debug|Any CPU
		Release|Any CPU = Release|Any CPU
	EndGlobalSection
	GlobalSection(ProjectConfigurationPlatforms) = postSolution
		{62D6ABFF-C28A-4790-8F88-EB38C449A02F}.Debug|Any CPU.ActiveCfg = Debug|Any CPU
		{62D6ABFF-C28A-4790-8F88-EB38C449A02F}.Debug|Any CPU.Build.0 = Debug|Any CPU
		{62D6ABFF-C28A-4790-8F88-EB38C449A02F}.Release|Any CPU.ActiveCfg = Release|Any CPU
		{62D6ABFF-C28A-4790-8F88-EB38C449A02F}.Release|Any CPU.Build.0 = Release|Any CPU
		{6CAFD3E9-C683-4DEF-94B0-FF9676A836F3}.Debug|Any CPU.ActiveCfg = Debug|Any CPU
		{6CAFD3E9-C683-4DEF-94B0-FF9676A836F3}.Debug|Any CPU.Build.0 = Debug|Any CPU
		{6CAFD3E9-C683-4DEF-94B0-FF9676A836F3}.Release|Any CPU.ActiveCfg = Release|Any CPU
		{6CAFD3E9-C683-4DEF-94B0-FF9676A836F3}.Release|Any CPU.Build.0 = Release|Any CPU
		{65E8FCC7-E91A-45EC-8BD7-88FC654F70FD}.Debug|Any CPU.ActiveCfg = Debug|Any CPU
		{65E8FCC7-E91A-45EC-8BD7-88FC654F70FD}.Debug|Any CPU.Build.0 = Debug|Any CPU
		{65E8FCC7-E91A-45EC-8BD7-88FC654F70FD}.Release|Any CPU.ActiveCfg = Release|Any CPU
		{65E8FCC7-E91A-45EC-8BD7-88FC654F70FD}.Release|Any CPU.Build.0 = Release|Any CPU
		{1C079913-9C06-49F1-8F41-89D2FDAE5158}.Debug|Any CPU.ActiveCfg = Debug|Any CPU
		{1C079913-9C06-49F1-8F41-89D2FDAE5158}.Debug|Any CPU.Build.0 = Debug|Any CPU
		{1C079913-9C06-49F1-8F41-89D2FDAE5158}.Release|Any CPU.ActiveCfg = Release|Any CPU
		{1C079913-9C06-49F1-8F41-89D2FDAE5158}.Release|Any CPU.Build.0 = Release|Any CPU
		{99AE36E3-83E2-4AAB-B4C4-C4B9FFC57FF5}.Debug|Any CPU.ActiveCfg = Debug|Any CPU
		{99AE36E3-83E2-4AAB-B4C4-C4B9FFC57FF5}.Debug|Any CPU.Build.0 = Debug|Any CPU
		{99AE36E3-83E2-4AAB-B4C4-C4B9FFC57FF5}.Release|Any CPU.ActiveCfg = Release|Any CPU
		{99AE36E3-83E2-4AAB-B4C4-C4B9FFC57FF5}.Release|Any CPU.Build.0 = Release|Any CPU
		{013D3720-F865-4BB1-936E-98A03DD92394}.Debug|Any CPU.ActiveCfg = Debug|Any CPU
		{013D3720-F865-4BB1-936E-98A03DD92394}.Debug|Any CPU.Build.0 = Debug|Any CPU
		{013D3720-F865-4BB1-936E-98A03DD92394}.Release|Any CPU.ActiveCfg = Release|Any CPU
		{013D3720-F865-4BB1-936E-98A03DD92394}.Release|Any CPU.Build.0 = Release|Any CPU
		{3489B898-4410-4EBF-90B5-5D5B7E856321}.Debug|Any CPU.ActiveCfg = Debug|Any CPU
		{3489B898-4410-4EBF-90B5-5D5B7E856321}.Debug|Any CPU.Build.0 = Debug|Any CPU
		{3489B898-4410-4EBF-90B5-5D5B7E856321}.Release|Any CPU.ActiveCfg = Release|Any CPU
		{3489B898-4410-4EBF-90B5-5D5B7E856321}.Release|Any CPU.Build.0 = Release|Any CPU
		{3FA36CB7-515D-4E59-992D-D5D76E9C6EAF}.Debug|Any CPU.ActiveCfg = Debug|Any CPU
		{3FA36CB7-515D-4E59-992D-D5D76E9C6EAF}.Debug|Any CPU.Build.0 = Debug|Any CPU
		{3FA36CB7-515D-4E59-992D-D5D76E9C6EAF}.Release|Any CPU.ActiveCfg = Release|Any CPU
		{3FA36CB7-515D-4E59-992D-D5D76E9C6EAF}.Release|Any CPU.Build.0 = Release|Any CPU
		{81E0D802-B6BD-428E-BB4C-F10A7266A79D}.Debug|Any CPU.ActiveCfg = Debug|Any CPU
		{81E0D802-B6BD-428E-BB4C-F10A7266A79D}.Debug|Any CPU.Build.0 = Debug|Any CPU
		{81E0D802-B6BD-428E-BB4C-F10A7266A79D}.Release|Any CPU.ActiveCfg = Release|Any CPU
		{81E0D802-B6BD-428E-BB4C-F10A7266A79D}.Release|Any CPU.Build.0 = Release|Any CPU
		{1E2BD39C-D3B2-4F07-8187-8B3CA9CAD171}.Debug|Any CPU.ActiveCfg = Debug|Any CPU
		{1E2BD39C-D3B2-4F07-8187-8B3CA9CAD171}.Debug|Any CPU.Build.0 = Debug|Any CPU
		{1E2BD39C-D3B2-4F07-8187-8B3CA9CAD171}.Release|Any CPU.ActiveCfg = Release|Any CPU
		{1E2BD39C-D3B2-4F07-8187-8B3CA9CAD171}.Release|Any CPU.Build.0 = Release|Any CPU
		{CB09934E-B7D3-4E7C-91FF-C390A31F2F02}.Debug|Any CPU.ActiveCfg = Debug|Any CPU
		{CB09934E-B7D3-4E7C-91FF-C390A31F2F02}.Debug|Any CPU.Build.0 = Debug|Any CPU
		{CB09934E-B7D3-4E7C-91FF-C390A31F2F02}.Release|Any CPU.ActiveCfg = Release|Any CPU
		{CB09934E-B7D3-4E7C-91FF-C390A31F2F02}.Release|Any CPU.Build.0 = Release|Any CPU
		{67CCF083-F70A-46B1-A666-E8E98EEF8AB6}.Debug|Any CPU.ActiveCfg = Debug|Any CPU
		{67CCF083-F70A-46B1-A666-E8E98EEF8AB6}.Debug|Any CPU.Build.0 = Debug|Any CPU
		{67CCF083-F70A-46B1-A666-E8E98EEF8AB6}.Release|Any CPU.ActiveCfg = Release|Any CPU
		{67CCF083-F70A-46B1-A666-E8E98EEF8AB6}.Release|Any CPU.Build.0 = Release|Any CPU
		{0E13D420-6E59-43E2-85DB-0C6D022DF837}.Debug|Any CPU.ActiveCfg = Debug|Any CPU
		{0E13D420-6E59-43E2-85DB-0C6D022DF837}.Debug|Any CPU.Build.0 = Debug|Any CPU
		{0E13D420-6E59-43E2-85DB-0C6D022DF837}.Release|Any CPU.ActiveCfg = Release|Any CPU
		{0E13D420-6E59-43E2-85DB-0C6D022DF837}.Release|Any CPU.Build.0 = Release|Any CPU
		{7F73ABF5-5A12-412D-A7B9-48BE4E7668C9}.Debug|Any CPU.ActiveCfg = Debug|Any CPU
		{7F73ABF5-5A12-412D-A7B9-48BE4E7668C9}.Debug|Any CPU.Build.0 = Debug|Any CPU
		{7F73ABF5-5A12-412D-A7B9-48BE4E7668C9}.Release|Any CPU.ActiveCfg = Release|Any CPU
		{7F73ABF5-5A12-412D-A7B9-48BE4E7668C9}.Release|Any CPU.Build.0 = Release|Any CPU
	EndGlobalSection
	GlobalSection(SolutionProperties) = preSolution
		HideSolutionNode = FALSE
	EndGlobalSection
	GlobalSection(NestedProjects) = preSolution
		{62D6ABFF-C28A-4790-8F88-EB38C449A02F} = {374FBEE3-2678-46CC-8A13-29D577F40300}
		{6CAFD3E9-C683-4DEF-94B0-FF9676A836F3} = {374FBEE3-2678-46CC-8A13-29D577F40300}
		{65E8FCC7-E91A-45EC-8BD7-88FC654F70FD} = {374FBEE3-2678-46CC-8A13-29D577F40300}
		{1C079913-9C06-49F1-8F41-89D2FDAE5158} = {374FBEE3-2678-46CC-8A13-29D577F40300}
		{99AE36E3-83E2-4AAB-B4C4-C4B9FFC57FF5} = {09D0A7EC-8D1A-4350-8E0A-18BDCEADF9A3}
		{013D3720-F865-4BB1-936E-98A03DD92394} = {09D0A7EC-8D1A-4350-8E0A-18BDCEADF9A3}
		{3489B898-4410-4EBF-90B5-5D5B7E856321} = {DD6DAC56-699B-4A8B-A2E9-10679AE5C289}
		{3FA36CB7-515D-4E59-992D-D5D76E9C6EAF} = {DD6DAC56-699B-4A8B-A2E9-10679AE5C289}
		{81E0D802-B6BD-428E-BB4C-F10A7266A79D} = {19663EC9-41AD-411B-93F6-1CF8E08F8BD6}
		{1E2BD39C-D3B2-4F07-8187-8B3CA9CAD171} = {19663EC9-41AD-411B-93F6-1CF8E08F8BD6}
		{CB09934E-B7D3-4E7C-91FF-C390A31F2F02} = {49EF899F-0E1A-4097-9019-088D8E4DE17F}
		{67CCF083-F70A-46B1-A666-E8E98EEF8AB6} = {49EF899F-0E1A-4097-9019-088D8E4DE17F}
		{0E13D420-6E59-43E2-85DB-0C6D022DF837} = {7B2B84E9-E502-4EEA-A1E8-6AF3B5AD3BDB}
		{7F73ABF5-5A12-412D-A7B9-48BE4E7668C9} = {09D0A7EC-8D1A-4350-8E0A-18BDCEADF9A3}
	EndGlobalSection
	GlobalSection(ExtensibilityGlobals) = postSolution
		SolutionGuid = {3F04D0C5-9CF7-462C-9600-11E0F6DE7451}
	EndGlobalSection
EndGlobal
